
Microsoft Visual Studio Solution File, Format Version 12.00
# Visual Studio Version 17
VisualStudioVersion = 17.10.35004.147
MinimumVisualStudioVersion = 10.0.40219.1
Project("{FAE04EC0-301F-11D3-BF4B-00C04F79EFBC}") = "1zadanie7tema", "1zadanie7tema\1zadanie7tema.csproj", "{BF354BD4-B63C-4C5F-BC79-3003C113A07A}"
EndProject
Global
	GlobalSection(SolutionConfigurationPlatforms) = preSolution
		Debug|Any CPU = Debug|Any CPU
		Release|Any CPU = Release|Any CPU
	EndGlobalSection
	GlobalSection(ProjectConfigurationPlatforms) = postSolution
		{BF354BD4-B63C-4C5F-BC79-3003C113A07A}.Debug|Any CPU.ActiveCfg = Debug|Any CPU
		{BF354BD4-B63C-4C5F-BC79-3003C113A07A}.Debug|Any CPU.Build.0 = Debug|Any CPU
		{BF354BD4-B63C-4C5F-BC79-3003C113A07A}.Release|Any CPU.ActiveCfg = Release|Any CPU
		{BF354BD4-B63C-4C5F-BC79-3003C113A07A}.Release|Any CPU.Build.0 = Release|Any CPU
	EndGlobalSection
	GlobalSection(SolutionProperties) = preSolution
		HideSolutionNode = FALSE
	EndGlobalSection
	GlobalSection(ExtensibilityGlobals) = postSolution
		SolutionGuid = {43F43ECB-B335-4177-9491-EF908D45F1EC}
	EndGlobalSection
EndGlobal
